// !$*UTF8*$!
{
	archiveVersion = 1;
	classes = {
	};
	objectVersion = 55;
	objects = {

/* Begin PBXBuildFile section */
		3273AEF127296730002D765E /* AppDelegate.swift in Sources */ = {isa = PBXBuildFile; fileRef = 3273AEF027296730002D765E /* AppDelegate.swift */; };
		3273AEF327296730002D765E /* SceneDelegate.swift in Sources */ = {isa = PBXBuildFile; fileRef = 3273AEF227296730002D765E /* SceneDelegate.swift */; };
		3273AEF527296730002D765E /* ViewController.swift in Sources */ = {isa = PBXBuildFile; fileRef = 3273AEF427296730002D765E /* ViewController.swift */; };
		3273AEF827296730002D765E /* Main.storyboard in Resources */ = {isa = PBXBuildFile; fileRef = 3273AEF627296730002D765E /* Main.storyboard */; };
		3273AEFA27296731002D765E /* Assets.xcassets in Resources */ = {isa = PBXBuildFile; fileRef = 3273AEF927296731002D765E /* Assets.xcassets */; };
		3273AEFD27296731002D765E /* LaunchScreen.storyboard in Resources */ = {isa = PBXBuildFile; fileRef = 3273AEFB27296731002D765E /* LaunchScreen.storyboard */; };
		3273AF09272967EC002D765E /* HJCustomListViewController.xib in Resources */ = {isa = PBXBuildFile; fileRef = 3273AF06272967EC002D765E /* HJCustomListViewController.xib */; };
		3273AF0A272967EC002D765E /* HJCustomListViewController.swift in Sources */ = {isa = PBXBuildFile; fileRef = 3273AF07272967EC002D765E /* HJCustomListViewController.swift */; };
		3273AF0B272967EC002D765E /* CustomListAssets.xcassets in Resources */ = {isa = PBXBuildFile; fileRef = 3273AF08272967EC002D765E /* CustomListAssets.xcassets */; };
/* End PBXBuildFile section */

/* Begin PBXFileReference section */
		3273AEED27296730002D765E /* HJCustomListController.app */ = {isa = PBXFileReference; explicitFileType = wrapper.application; includeInIndex = 0; path = HJCustomListController.app; sourceTree = BUILT_PRODUCTS_DIR; };
		3273AEF027296730002D765E /* AppDelegate.swift */ = {isa = PBXFileReference; lastKnownFileType = sourcecode.swift; path = AppDelegate.swift; sourceTree = "<group>"; };
		3273AEF227296730002D765E /* SceneDelegate.swift */ = {isa = PBXFileReference; lastKnownFileType = sourcecode.swift; path = SceneDelegate.swift; sourceTree = "<group>"; };
		3273AEF427296730002D765E /* ViewController.swift */ = {isa = PBXFileReference; lastKnownFileType = sourcecode.swift; path = ViewController.swift; sourceTree = "<group>"; };
		3273AEF727296730002D765E /* Base */ = {isa = PBXFileReference; lastKnownFileType = file.storyboard; name = Base; path = Base.lproj/Main.storyboard; sourceTree = "<group>"; };
		3273AEF927296731002D765E /* Assets.xcassets */ = {isa = PBXFileReference; lastKnownFileType = folder.assetcatalog; path = Assets.xcassets; sourceTree = "<group>"; };
		3273AEFC27296731002D765E /* Base */ = {isa = PBXFileReference; lastKnownFileType = file.storyboard; name = Base; path = Base.lproj/LaunchScreen.storyboard; sourceTree = "<group>"; };
		3273AEFE27296731002D765E /* Info.plist */ = {isa = PBXFileReference; lastKnownFileType = text.plist.xml; path = Info.plist; sourceTree = "<group>"; };
		3273AF06272967EC002D765E /* HJCustomListViewController.xib */ = {isa = PBXFileReference; fileEncoding = 4; lastKnownFileType = file.xib; path = HJCustomListViewController.xib; sourceTree = "<group>"; };
		3273AF07272967EC002D765E /* HJCustomListViewController.swift */ = {isa = PBXFileReference; fileEncoding = 4; lastKnownFileType = sourcecode.swift; path = HJCustomListViewController.swift; sourceTree = "<group>"; };
		3273AF08272967EC002D765E /* CustomListAssets.xcassets */ = {isa = PBXFileReference; lastKnownFileType = folder.assetcatalog; path = CustomListAssets.xcassets; sourceTree = "<group>"; };
/* End PBXFileReference section */

/* Begin PBXFrameworksBuildPhase section */
		3273AEEA27296730002D765E /* Frameworks */ = {
			isa = PBXFrameworksBuildPhase;
			buildActionMask = 2147483647;
			files = (
			);
			runOnlyForDeploymentPostprocessing = 0;
		};
/* End PBXFrameworksBuildPhase section */

/* Begin PBXGroup section */
		3273AEE427296730002D765E = {
			isa = PBXGroup;
			children = (
				3273AEEF27296730002D765E /* HJCustomListController */,
				3273AEEE27296730002D765E /* Products */,
			);
			sourceTree = "<group>";
		};
		3273AEEE27296730002D765E /* Products */ = {
			isa = PBXGroup;
			children = (
				3273AEED27296730002D765E /* HJCustomListController.app */,
			);
			name = Products;
			sourceTree = "<group>";
		};
		3273AEEF27296730002D765E /* HJCustomListController */ = {
			isa = PBXGroup;
			children = (
				3273AEF027296730002D765E /* AppDelegate.swift */,
				3273AEF227296730002D765E /* SceneDelegate.swift */,
				3273AEF427296730002D765E /* ViewController.swift */,
				3273AF05272967EC002D765E /* Source */,
				3273AEF627296730002D765E /* Main.storyboard */,
				3273AEF927296731002D765E /* Assets.xcassets */,
				3273AEFB27296731002D765E /* LaunchScreen.storyboard */,
				3273AEFE27296731002D765E /* Info.plist */,
			);
			path = HJCustomListController;
			sourceTree = "<group>";
		};
		3273AF05272967EC002D765E /* Source */ = {
			isa = PBXGroup;
			children = (
				3273AF07272967EC002D765E /* HJCustomListViewController.swift */,
				3273AF06272967EC002D765E /* HJCustomListViewController.xib */,
				3273AF08272967EC002D765E /* CustomListAssets.xcassets */,
			);
			path = Source;
			sourceTree = "<group>";
		};
/* End PBXGroup section */

/* Begin PBXNativeTarget section */
		3273AEEC27296730002D765E /* HJCustomListController */ = {
			isa = PBXNativeTarget;
			buildConfigurationList = 3273AF0127296731002D765E /* Build configuration list for PBXNativeTarget "HJCustomListController" */;
			buildPhases = (
				3273AEE927296730002D765E /* Sources */,
				3273AEEA27296730002D765E /* Frameworks */,
				3273AEEB27296730002D765E /* Resources */,
			);
			buildRules = (
			);
			dependencies = (
			);
			name = HJCustomListController;
			productName = HJCustomListController;
			productReference = 3273AEED27296730002D765E /* HJCustomListController.app */;
			productType = "com.apple.product-type.application";
		};
/* End PBXNativeTarget section */

/* Begin PBXProject section */
		3273AEE527296730002D765E /* Project object */ = {
			isa = PBXProject;
			attributes = {
				BuildIndependentTargetsInParallel = 1;
				LastSwiftUpdateCheck = 1300;
				LastUpgradeCheck = 1300;
				TargetAttributes = {
					3273AEEC27296730002D765E = {
						CreatedOnToolsVersion = 13.0;
					};
				};
			};
			buildConfigurationList = 3273AEE827296730002D765E /* Build configuration list for PBXProject "HJCustomListController" */;
			compatibilityVersion = "Xcode 13.0";
			developmentRegion = en;
			hasScannedForEncodings = 0;
			knownRegions = (
				en,
				Base,
			);
			mainGroup = 3273AEE427296730002D765E;
			productRefGroup = 3273AEEE27296730002D765E /* Products */;
			projectDirPath = "";
			projectRoot = "";
			targets = (
				3273AEEC27296730002D765E /* HJCustomListController */,
			);
		};
/* End PBXProject section */

/* Begin PBXResourcesBuildPhase section */
		3273AEEB27296730002D765E /* Resources */ = {
			isa = PBXResourcesBuildPhase;
			buildActionMask = 2147483647;
			files = (
				3273AEFD27296731002D765E /* LaunchScreen.storyboard in Resources */,
				3273AEFA27296731002D765E /* Assets.xcassets in Resources */,
				3273AF0B272967EC002D765E /* CustomListAssets.xcassets in Resources */,
				3273AEF827296730002D765E /* Main.storyboard in Resources */,
				3273AF09272967EC002D765E /* HJCustomListViewController.xib in Resources */,
			);
			runOnlyForDeploymentPostprocessing = 0;
		};
/* End PBXResourcesBuildPhase section */

/* Begin PBXSourcesBuildPhase section */
		3273AEE927296730002D765E /* Sources */ = {
			isa = PBXSourcesBuildPhase;
			buildActionMask = 2147483647;
			files = (
				3273AEF527296730002D765E /* ViewController.swift in Sources */,
				3273AEF127296730002D765E /* AppDelegate.swift in Sources */,
				3273AF0A272967EC002D765E /* HJCustomListViewController.swift in Sources */,
				3273AEF327296730002D765E /* SceneDelegate.swift in Sources */,
			);
			runOnlyForDeploymentPostprocessing = 0;
		};
/* End PBXSourcesBuildPhase section */

/* Begin PBXVariantGroup section */
		3273AEF627296730002D765E /* Main.storyboard */ = {
			isa = PBXVariantGroup;
			children = (
				3273AEF727296730002D765E /* Base */,
			);
			name = Main.storyboard;
			sourceTree = "<group>";
		};
		3273AEFB27296731002D765E /* LaunchScreen.storyboard */ = {
			isa = PBXVariantGroup;
			children = (
				3273AEFC27296731002D765E /* Base */,
			);
			name = LaunchScreen.storyboard;
			sourceTree = "<group>";
		};
/* End PBXVariantGroup section */

/* Begin XCBuildConfiguration section */
		3273AEFF27296731002D765E /* Debug */ = {
			isa = XCBuildConfiguration;
			buildSettings = {
				ALWAYS_SEARCH_USER_PATHS = NO;
				CLANG_ANALYZER_NONNULL = YES;
				CLANG_ANALYZER_NUMBER_OBJECT_CONVERSION = YES_AGGRESSIVE;
				CLANG_CXX_LANGUAGE_STANDARD = "gnu++17";
				CLANG_CXX_LIBRARY = "libc++";
				CLANG_ENABLE_MODULES = YES;
				CLANG_ENABLE_OBJC_ARC = YES;
				CLANG_ENABLE_OBJC_WEAK = YES;
				CLANG_WARN_BLOCK_CAPTURE_AUTORELEASING = YES;
				CLANG_WARN_BOOL_CONVERSION = YES;
				CLANG_WARN_COMMA = YES;
				CLANG_WARN_CONSTANT_CONVERSION = YES;
				CLANG_WARN_DEPRECATED_OBJC_IMPLEMENTATIONS = YES;
				CLANG_WARN_DIRECT_OBJC_ISA_USAGE = YES_ERROR;
				CLANG_WARN_DOCUMENTATION_COMMENTS = YES;
				CLANG_WARN_EMPTY_BODY = YES;
				CLANG_WARN_ENUM_CONVERSION = YES;
				CLANG_WARN_INFINITE_RECURSION = YES;
				CLANG_WARN_INT_CONVERSION = YES;
				CLANG_WARN_NON_LITERAL_NULL_CONVERSION = YES;
				CLANG_WARN_OBJC_IMPLICIT_RETAIN_SELF = YES;
				CLANG_WARN_OBJC_LITERAL_CONVERSION = YES;
				CLANG_WARN_OBJC_ROOT_CLASS = YES_ERROR;
				CLANG_WARN_QUOTED_INCLUDE_IN_FRAMEWORK_HEADER = YES;
				CLANG_WARN_RANGE_LOOP_ANALYSIS = YES;
				CLANG_WARN_STRICT_PROTOTYPES = YES;
				CLANG_WARN_SUSPICIOUS_MOVE = YES;
				CLANG_WARN_UNGUARDED_AVAILABILITY = YES_AGGRESSIVE;
				CLANG_WARN_UNREACHABLE_CODE = YES;
				CLANG_WARN__DUPLICATE_METHOD_MATCH = YES;
				COPY_PHASE_STRIP = NO;
				DEBUG_INFORMATION_FORMAT = dwarf;
				ENABLE_STRICT_OBJC_MSGSEND = YES;
				ENABLE_TESTABILITY = YES;
				GCC_C_LANGUAGE_STANDARD = gnu11;
				GCC_DYNAMIC_NO_PIC = NO;
				GCC_NO_COMMON_BLOCKS = YES;
				GCC_OPTIMIZATION_LEVEL = 0;
				GCC_PREPROCESSOR_DEFINITIONS = (
					"DEBUG=1",
					"$(inherited)",
				);
				GCC_WARN_64_TO_32_BIT_CONVERSION = YES;
				GCC_WARN_ABOUT_RETURN_TYPE = YES_ERROR;
				GCC_WARN_UNDECLARED_SELECTOR = YES;
				GCC_WARN_UNINITIALIZED_AUTOS = YES_AGGRESSIVE;
				GCC_WARN_UNUSED_FUNCTION = YES;
				GCC_WARN_UNUSED_VARIABLE = YES;
				IPHONEOS_DEPLOYMENT_TARGET = 15.0;
				MTL_ENABLE_DEBUG_INFO = INCLUDE_SOURCE;
				MTL_FAST_MATH = YES;
				ONLY_ACTIVE_ARCH = YES;
				SDKROOT = iphoneos;
				SWIFT_ACTIVE_COMPILATION_CONDITIONS = DEBUG;
				SWIFT_OPTIMIZATION_LEVEL = "-Onone";
			};
			name = Debug;
		};
		3273AF0027296731002D765E /* Release */ = {
			isa = XCBuildConfiguration;
			buildSettings = {
				ALWAYS_SEARCH_USER_PATHS = NO;
				CLANG_ANALYZER_NONNULL = YES;
				CLANG_ANALYZER_NUMBER_OBJECT_CONVERSION = YES_AGGRESSIVE;
				CLANG_CXX_LANGUAGE_STANDARD = "gnu++17";
				CLANG_CXX_LIBRARY = "libc++";
				CLANG_ENABLE_MODULES = YES;
				CLANG_ENABLE_OBJC_ARC = YES;
				CLANG_ENABLE_OBJC_WEAK = YES;
				CLANG_WARN_BLOCK_CAPTURE_AUTORELEASING = YES;
				CLANG_WARN_BOOL_CONVERSION = YES;
				CLANG_WARN_COMMA = YES;
				CLANG_WARN_CONSTANT_CONVERSION = YES;
				CLANG_WARN_DEPRECATED_OBJC_IMPLEMENTATIONS = YES;
				CLANG_WARN_DIRECT_OBJC_ISA_USAGE = YES_ERROR;
				CLANG_WARN_DOCUMENTATION_COMMENTS = YES;
				CLANG_WARN_EMPTY_BODY = YES;
				CLANG_WARN_ENUM_CONVERSION = YES;
				CLANG_WARN_INFINITE_RECURSION = YES;
				CLANG_WARN_INT_CONVERSION = YES;
				CLANG_WARN_NON_LITERAL_NULL_CONVERSION = YES;
				CLANG_WARN_OBJC_IMPLICIT_RETAIN_SELF = YES;
				CLANG_WARN_OBJC_LITERAL_CONVERSION = YES;
				CLANG_WARN_OBJC_ROOT_CLASS = YES_ERROR;
				CLANG_WARN_QUOTED_INCLUDE_IN_FRAMEWORK_HEADER = YES;
				CLANG_WARN_RANGE_LOOP_ANALYSIS = YES;
				CLANG_WARN_STRICT_PROTOTYPES = YES;
				CLANG_WARN_SUSPICIOUS_MOVE = YES;
				CLANG_WARN_UNGUARDED_AVAILABILITY = YES_AGGRESSIVE;
				CLANG_WARN_UNREACHABLE_CODE = YES;
				CLANG_WARN__DUPLICATE_METHOD_MATCH = YES;
				COPY_PHASE_STRIP = NO;
				DEBUG_INFORMATION_FORMAT = "dwarf-with-dsym";
				ENABLE_NS_ASSERTIONS = NO;
				ENABLE_STRICT_OBJC_MSGSEND = YES;
				GCC_C_LANGUAGE_STANDARD = gnu11;
				GCC_NO_COMMON_BLOCKS = YES;
				GCC_WARN_64_TO_32_BIT_CONVERSION = YES;
				GCC_WARN_ABOUT_RETURN_TYPE = YES_ERROR;
				GCC_WARN_UNDECLARED_SELECTOR = YES;
				GCC_WARN_UNINITIALIZED_AUTOS = YES_AGGRESSIVE;
				GCC_WARN_UNUSED_FUNCTION = YES;
				GCC_WARN_UNUSED_VARIABLE = YES;
				IPHONEOS_DEPLOYMENT_TARGET = 15.0;
				MTL_ENABLE_DEBUG_INFO = NO;
				MTL_FAST_MATH = YES;
				SDKROOT = iphoneos;
				SWIFT_COMPILATION_MODE = wholemodule;
				SWIFT_OPTIMIZATION_LEVEL = "-O";
				VALIDATE_PRODUCT = YES;
			};
			name = Release;
		};
		3273AF0227296731002D765E /* Debug */ = {
			isa = XCBuildConfiguration;
			buildSettings = {
				ASSETCATALOG_COMPILER_APPICON_NAME = AppIcon;
				ASSETCATALOG_COMPILER_GLOBAL_ACCENT_COLOR_NAME = AccentColor;
				CODE_SIGN_IDENTITY = "iPhone Developer";
				CODE_SIGN_STYLE = Manual;
				CURRENT_PROJECT_VERSION = 1;
				DEVELOPMENT_TEAM = TEH78WF7A2;
				GENERATE_INFOPLIST_FILE = YES;
				INFOPLIST_FILE = HJCustomListController/Info.plist;
				INFOPLIST_KEY_UIApplicationSupportsIndirectInputEvents = YES;
				INFOPLIST_KEY_UILaunchStoryboardName = LaunchScreen;
				INFOPLIST_KEY_UIMainStoryboardFile = Main;
				INFOPLIST_KEY_UISupportedInterfaceOrientations_iPad = "UIInterfaceOrientationPortrait UIInterfaceOrientationPortraitUpsideDown UIInterfaceOrientationLandscapeLeft UIInterfaceOrientationLandscapeRight";
				INFOPLIST_KEY_UISupportedInterfaceOrientations_iPhone = "UIInterfaceOrientationPortrait UIInterfaceOrientationLandscapeLeft UIInterfaceOrientationLandscapeRight";
				LD_RUNPATH_SEARCH_PATHS = (
					"$(inherited)",
					"@executable_path/Frameworks",
				);
				MARKETING_VERSION = 1.0;
				PRODUCT_BUNDLE_IDENTIFIER = com.bmsoft.HJCustomListController;
				PRODUCT_NAME = "$(TARGET_NAME)";
				PROVISIONING_PROFILE_SPECIFIER = "ALL Apps Dev";
				SWIFT_EMIT_LOC_STRINGS = YES;
				SWIFT_VERSION = 5.0;
				TARGETED_DEVICE_FAMILY = "1,2";
			};
			name = Debug;
		};
		3273AF0327296731002D765E /* Release */ = {
			isa = XCBuildConfiguration;
			buildSettings = {
				ASSETCATALOG_COMPILER_APPICON_NAME = AppIcon;
				ASSETCATALOG_COMPILER_GLOBAL_ACCENT_COLOR_NAME = AccentColor;
				CODE_SIGN_IDENTITY = "iPhone Developer";
				CODE_SIGN_STYLE = Manual;
				CURRENT_PROJECT_VERSION = 1;
				DEVELOPMENT_TEAM = TEH78WF7A2;
				GENERATE_INFOPLIST_FILE = YES;
				INFOPLIST_FILE = HJCustomListController/Info.plist;
				INFOPLIST_KEY_UIApplicationSupportsIndirectInputEvents = YES;
				INFOPLIST_KEY_UILaunchStoryboardName = LaunchScreen;
				INFOPLIST_KEY_UIMainStoryboardFile = Main;
				INFOPLIST_KEY_UISupportedInterfaceOrientations_iPad = "UIInterfaceOrientationPortrait UIInterfaceOrientationPortraitUpsideDown UIInterfaceOrientationLandscapeLeft UIInterfaceOrientationLandscapeRight";
				INFOPLIST_KEY_UISupportedInterfaceOrientations_iPhone = "UIInterfaceOrientationPortrait UIInterfaceOrientationLandscapeLeft UIInterfaceOrientationLandscapeRight";
				LD_RUNPATH_SEARCH_PATHS = (
					"$(inherited)",
					"@executable_path/Frameworks",
				);
				MARKETING_VERSION = 1.0;
				PRODUCT_BUNDLE_IDENTIFIER = com.bmsoft.HJCustomListController;
				PRODUCT_NAME = "$(TARGET_NAME)";
				PROVISIONING_PROFILE_SPECIFIER = "ALL Apps Dev";
				SWIFT_EMIT_LOC_STRINGS = YES;
				SWIFT_VERSION = 5.0;
				TARGETED_DEVICE_FAMILY = "1,2";
			};
			name = Release;
		};
/* End XCBuildConfiguration section */

/* Begin XCConfigurationList section */
		3273AEE827296730002D765E /* Build configuration list for PBXProject "HJCustomListController" */ = {
			isa = XCConfigurationList;
			buildConfigurations = (
				3273AEFF27296731002D765E /* Debug */,
				3273AF0027296731002D765E /* Release */,
			);
			defaultConfigurationIsVisible = 0;
			defaultConfigurationName = Release;
		};
		3273AF0127296731002D765E /* Build configuration list for PBXNativeTarget "HJCustomListController" */ = {
			isa = XCConfigurationList;
			buildConfigurations = (
				3273AF0227296731002D765E /* Debug */,
				3273AF0327296731002D765E /* Release */,
			);
			defaultConfigurationIsVisible = 0;
			defaultConfigurationName = Release;
		};
/* End XCConfigurationList section */
	};
	rootObject = 3273AEE527296730002D765E /* Project object */;
}
